// !$*UTF8*$!
{
	archiveVersion = 1;
	classes = {
	};
	objectVersion = 50;
	objects = {

/* Begin PBXBuildFile section */
		4377911E2671DD4300D52D06 /* RoundImageView.swift in Sources */ = {isa = PBXBuildFile; fileRef = 4377911D2671DD4300D52D06 /* RoundImageView.swift */; };
		437791212671ECEE00D52D06 /* RepoInfoItemView.swift in Sources */ = {isa = PBXBuildFile; fileRef = 437791202671ECEE00D52D06 /* RepoInfoItemView.swift */; };
		437791232671FD3800D52D06 /* RepoListHeaderView.swift in Sources */ = {isa = PBXBuildFile; fileRef = 437791222671FD3800D52D06 /* RepoListHeaderView.swift */; };
		4377912526720BCF00D52D06 /* ProfileInfoHeaderView.swift in Sources */ = {isa = PBXBuildFile; fileRef = 4377912426720BCF00D52D06 /* ProfileInfoHeaderView.swift */; };
		437791272672253A00D52D06 /* ProfileInfoItemView.swift in Sources */ = {isa = PBXBuildFile; fileRef = 437791262672253A00D52D06 /* ProfileInfoItemView.swift */; };
		4377912B26722E7C00D52D06 /* MockData.swift in Sources */ = {isa = PBXBuildFile; fileRef = 4377912A26722E7C00D52D06 /* MockData.swift */; };
		43E3B0EC2670E6EB00CE45F3 /* AppDelegate.swift in Sources */ = {isa = PBXBuildFile; fileRef = 43E3B0EB2670E6EB00CE45F3 /* AppDelegate.swift */; };
		43E3B0EE2670E6EB00CE45F3 /* SceneDelegate.swift in Sources */ = {isa = PBXBuildFile; fileRef = 43E3B0ED2670E6EB00CE45F3 /* SceneDelegate.swift */; };
		43E3B0F52670E6EB00CE45F3 /* Assets.xcassets in Resources */ = {isa = PBXBuildFile; fileRef = 43E3B0F42670E6EB00CE45F3 /* Assets.xcassets */; };
		43E3B0F82670E6EB00CE45F3 /* LaunchScreen.storyboard in Resources */ = {isa = PBXBuildFile; fileRef = 43E3B0F62670E6EB00CE45F3 /* LaunchScreen.storyboard */; };
		43E3B1032670E6EC00CE45F3 /* GithubProfileTests.swift in Sources */ = {isa = PBXBuildFile; fileRef = 43E3B1022670E6EC00CE45F3 /* GithubProfileTests.swift */; };
		43E3B10E2670E6EC00CE45F3 /* GithubProfileUITests.swift in Sources */ = {isa = PBXBuildFile; fileRef = 43E3B10D2670E6EC00CE45F3 /* GithubProfileUITests.swift */; };
		43E3B11C2670ED7100CE45F3 /* ProfileViewController.swift in Sources */ = {isa = PBXBuildFile; fileRef = 43E3B11B2670ED7100CE45F3 /* ProfileViewController.swift */; };
		43E3B11E2670FBAC00CE45F3 /* RepoSummaryView.swift in Sources */ = {isa = PBXBuildFile; fileRef = 43E3B11D2670FBAC00CE45F3 /* RepoSummaryView.swift */; };
		43E3B1202670FD8300CE45F3 /* TableViewRepositoryCell.swift in Sources */ = {isa = PBXBuildFile; fileRef = 43E3B11F2670FD8300CE45F3 /* TableViewRepositoryCell.swift */; };
		43E3B1222670FD9200CE45F3 /* CollectionViewRepositoryCell.swift in Sources */ = {isa = PBXBuildFile; fileRef = 43E3B1212670FD9200CE45F3 /* CollectionViewRepositoryCell.swift */; };
		43E3B1242671051400CE45F3 /* HorizontallyScrollableCell.swift in Sources */ = {isa = PBXBuildFile; fileRef = 43E3B1232671051400CE45F3 /* HorizontallyScrollableCell.swift */; };
		43E3B1262671063A00CE45F3 /* HorizontalScrollLayout.swift in Sources */ = {isa = PBXBuildFile; fileRef = 43E3B1252671063A00CE45F3 /* HorizontalScrollLayout.swift */; };
/* End PBXBuildFile section */

/* Begin PBXContainerItemProxy section */
		43E3B0FF2670E6EC00CE45F3 /* PBXContainerItemProxy */ = {
			isa = PBXContainerItemProxy;
			containerPortal = 43E3B0E02670E6EB00CE45F3 /* Project object */;
			proxyType = 1;
			remoteGlobalIDString = 43E3B0E72670E6EB00CE45F3;
			remoteInfo = GithubProfile;
		};
		43E3B10A2670E6EC00CE45F3 /* PBXContainerItemProxy */ = {
			isa = PBXContainerItemProxy;
			containerPortal = 43E3B0E02670E6EB00CE45F3 /* Project object */;
			proxyType = 1;
			remoteGlobalIDString = 43E3B0E72670E6EB00CE45F3;
			remoteInfo = GithubProfile;
		};
/* End PBXContainerItemProxy section */

/* Begin PBXFileReference section */
		4377911D2671DD4300D52D06 /* RoundImageView.swift */ = {isa = PBXFileReference; lastKnownFileType = sourcecode.swift; path = RoundImageView.swift; sourceTree = "<group>"; };
		437791202671ECEE00D52D06 /* RepoInfoItemView.swift */ = {isa = PBXFileReference; lastKnownFileType = sourcecode.swift; path = RepoInfoItemView.swift; sourceTree = "<group>"; };
		437791222671FD3800D52D06 /* RepoListHeaderView.swift */ = {isa = PBXFileReference; lastKnownFileType = sourcecode.swift; path = RepoListHeaderView.swift; sourceTree = "<group>"; };
		4377912426720BCF00D52D06 /* ProfileInfoHeaderView.swift */ = {isa = PBXFileReference; lastKnownFileType = sourcecode.swift; path = ProfileInfoHeaderView.swift; sourceTree = "<group>"; };
		437791262672253A00D52D06 /* ProfileInfoItemView.swift */ = {isa = PBXFileReference; lastKnownFileType = sourcecode.swift; path = ProfileInfoItemView.swift; sourceTree = "<group>"; };
		4377912A26722E7C00D52D06 /* MockData.swift */ = {isa = PBXFileReference; lastKnownFileType = sourcecode.swift; path = MockData.swift; sourceTree = "<group>"; };
		43E3B0E82670E6EB00CE45F3 /* Github Profile.app */ = {isa = PBXFileReference; explicitFileType = wrapper.application; includeInIndex = 0; path = "Github Profile.app"; sourceTree = BUILT_PRODUCTS_DIR; };
		43E3B0EB2670E6EB00CE45F3 /* AppDelegate.swift */ = {isa = PBXFileReference; lastKnownFileType = sourcecode.swift; path = AppDelegate.swift; sourceTree = "<group>"; };
		43E3B0ED2670E6EB00CE45F3 /* SceneDelegate.swift */ = {isa = PBXFileReference; lastKnownFileType = sourcecode.swift; path = SceneDelegate.swift; sourceTree = "<group>"; };
		43E3B0F42670E6EB00CE45F3 /* Assets.xcassets */ = {isa = PBXFileReference; lastKnownFileType = folder.assetcatalog; path = Assets.xcassets; sourceTree = "<group>"; };
		43E3B0F72670E6EB00CE45F3 /* Base */ = {isa = PBXFileReference; lastKnownFileType = file.storyboard; name = Base; path = Base.lproj/LaunchScreen.storyboard; sourceTree = "<group>"; };
		43E3B0F92670E6EB00CE45F3 /* Info.plist */ = {isa = PBXFileReference; lastKnownFileType = text.plist.xml; path = Info.plist; sourceTree = "<group>"; };
		43E3B0FE2670E6EC00CE45F3 /* GithubProfileTests.xctest */ = {isa = PBXFileReference; explicitFileType = wrapper.cfbundle; includeInIndex = 0; path = GithubProfileTests.xctest; sourceTree = BUILT_PRODUCTS_DIR; };
		43E3B1022670E6EC00CE45F3 /* GithubProfileTests.swift */ = {isa = PBXFileReference; lastKnownFileType = sourcecode.swift; path = GithubProfileTests.swift; sourceTree = "<group>"; };
		43E3B1042670E6EC00CE45F3 /* Info.plist */ = {isa = PBXFileReference; lastKnownFileType = text.plist.xml; path = Info.plist; sourceTree = "<group>"; };
		43E3B1092670E6EC00CE45F3 /* GithubProfileUITests.xctest */ = {isa = PBXFileReference; explicitFileType = wrapper.cfbundle; includeInIndex = 0; path = GithubProfileUITests.xctest; sourceTree = BUILT_PRODUCTS_DIR; };
		43E3B10D2670E6EC00CE45F3 /* GithubProfileUITests.swift */ = {isa = PBXFileReference; lastKnownFileType = sourcecode.swift; path = GithubProfileUITests.swift; sourceTree = "<group>"; };
		43E3B10F2670E6EC00CE45F3 /* Info.plist */ = {isa = PBXFileReference; lastKnownFileType = text.plist.xml; path = Info.plist; sourceTree = "<group>"; };
		43E3B11B2670ED7100CE45F3 /* ProfileViewController.swift */ = {isa = PBXFileReference; lastKnownFileType = sourcecode.swift; path = ProfileViewController.swift; sourceTree = "<group>"; };
		43E3B11D2670FBAC00CE45F3 /* RepoSummaryView.swift */ = {isa = PBXFileReference; lastKnownFileType = sourcecode.swift; path = RepoSummaryView.swift; sourceTree = "<group>"; };
		43E3B11F2670FD8300CE45F3 /* TableViewRepositoryCell.swift */ = {isa = PBXFileReference; lastKnownFileType = sourcecode.swift; path = TableViewRepositoryCell.swift; sourceTree = "<group>"; };
		43E3B1212670FD9200CE45F3 /* CollectionViewRepositoryCell.swift */ = {isa = PBXFileReference; lastKnownFileType = sourcecode.swift; path = CollectionViewRepositoryCell.swift; sourceTree = "<group>"; };
		43E3B1232671051400CE45F3 /* HorizontallyScrollableCell.swift */ = {isa = PBXFileReference; lastKnownFileType = sourcecode.swift; path = HorizontallyScrollableCell.swift; sourceTree = "<group>"; };
		43E3B1252671063A00CE45F3 /* HorizontalScrollLayout.swift */ = {isa = PBXFileReference; lastKnownFileType = sourcecode.swift; path = HorizontalScrollLayout.swift; sourceTree = "<group>"; };
/* End PBXFileReference section */

/* Begin PBXFrameworksBuildPhase section */
		43E3B0E52670E6EB00CE45F3 /* Frameworks */ = {
			isa = PBXFrameworksBuildPhase;
			buildActionMask = 2147483647;
			files = (
			);
			runOnlyForDeploymentPostprocessing = 0;
		};
		43E3B0FB2670E6EC00CE45F3 /* Frameworks */ = {
			isa = PBXFrameworksBuildPhase;
			buildActionMask = 2147483647;
			files = (
			);
			runOnlyForDeploymentPostprocessing = 0;
		};
		43E3B1062670E6EC00CE45F3 /* Frameworks */ = {
			isa = PBXFrameworksBuildPhase;
			buildActionMask = 2147483647;
			files = (
			);
			runOnlyForDeploymentPostprocessing = 0;
		};
/* End PBXFrameworksBuildPhase section */

/* Begin PBXGroup section */
		4377911F2671EC5B00D52D06 /* Views */ = {
			isa = PBXGroup;
			children = (
				4377912926722D1900D52D06 /* Cells */,
				4377912826722D1000D52D06 /* Custom */,
			);
			path = Views;
			sourceTree = "<group>";
		};
		4377912826722D1000D52D06 /* Custom */ = {
			isa = PBXGroup;
			children = (
				4377912426720BCF00D52D06 /* ProfileInfoHeaderView.swift */,
				437791262672253A00D52D06 /* ProfileInfoItemView.swift */,
				437791222671FD3800D52D06 /* RepoListHeaderView.swift */,
				43E3B11D2670FBAC00CE45F3 /* RepoSummaryView.swift */,
				437791202671ECEE00D52D06 /* RepoInfoItemView.swift */,
				4377911D2671DD4300D52D06 /* RoundImageView.swift */,
			);
			path = Custom;
			sourceTree = "<group>";
		};
		4377912926722D1900D52D06 /* Cells */ = {
			isa = PBXGroup;
			children = (
				43E3B11F2670FD8300CE45F3 /* TableViewRepositoryCell.swift */,
				43E3B1232671051400CE45F3 /* HorizontallyScrollableCell.swift */,
				43E3B1212670FD9200CE45F3 /* CollectionViewRepositoryCell.swift */,
			);
			path = Cells;
			sourceTree = "<group>";
		};
		43E3B0DF2670E6EB00CE45F3 = {
			isa = PBXGroup;
			children = (
				43E3B0EA2670E6EB00CE45F3 /* GithubProfile */,
				43E3B1012670E6EC00CE45F3 /* GithubProfileTests */,
				43E3B10C2670E6EC00CE45F3 /* GithubProfileUITests */,
				43E3B0E92670E6EB00CE45F3 /* Products */,
			);
			sourceTree = "<group>";
		};
		43E3B0E92670E6EB00CE45F3 /* Products */ = {
			isa = PBXGroup;
			children = (
				43E3B0E82670E6EB00CE45F3 /* Github Profile.app */,
				43E3B0FE2670E6EC00CE45F3 /* GithubProfileTests.xctest */,
				43E3B1092670E6EC00CE45F3 /* GithubProfileUITests.xctest */,
			);
			name = Products;
			sourceTree = "<group>";
		};
		43E3B0EA2670E6EB00CE45F3 /* GithubProfile */ = {
			isa = PBXGroup;
			children = (
				43E3B0EB2670E6EB00CE45F3 /* AppDelegate.swift */,
				43E3B0ED2670E6EB00CE45F3 /* SceneDelegate.swift */,
				4377912A26722E7C00D52D06 /* MockData.swift */,
				43E3B11B2670ED7100CE45F3 /* ProfileViewController.swift */,
				4377911F2671EC5B00D52D06 /* Views */,
				43E3B0F42670E6EB00CE45F3 /* Assets.xcassets */,
				43E3B0F62670E6EB00CE45F3 /* LaunchScreen.storyboard */,
				43E3B0F92670E6EB00CE45F3 /* Info.plist */,
				43E3B1252671063A00CE45F3 /* HorizontalScrollLayout.swift */,
			);
			path = GithubProfile;
			sourceTree = "<group>";
		};
		43E3B1012670E6EC00CE45F3 /* GithubProfileTests */ = {
			isa = PBXGroup;
			children = (
				43E3B1022670E6EC00CE45F3 /* GithubProfileTests.swift */,
				43E3B1042670E6EC00CE45F3 /* Info.plist */,
			);
			path = GithubProfileTests;
			sourceTree = "<group>";
		};
		43E3B10C2670E6EC00CE45F3 /* GithubProfileUITests */ = {
			isa = PBXGroup;
			children = (
				43E3B10D2670E6EC00CE45F3 /* GithubProfileUITests.swift */,
				43E3B10F2670E6EC00CE45F3 /* Info.plist */,
			);
			path = GithubProfileUITests;
			sourceTree = "<group>";
		};
/* End PBXGroup section */

/* Begin PBXNativeTarget section */
		43E3B0E72670E6EB00CE45F3 /* GithubProfile */ = {
			isa = PBXNativeTarget;
			buildConfigurationList = 43E3B1122670E6EC00CE45F3 /* Build configuration list for PBXNativeTarget "GithubProfile" */;
			buildPhases = (
				43E3B0E42670E6EB00CE45F3 /* Sources */,
				43E3B0E52670E6EB00CE45F3 /* Frameworks */,
				43E3B0E62670E6EB00CE45F3 /* Resources */,
			);
			buildRules = (
			);
			dependencies = (
			);
			name = GithubProfile;
			productName = GithubProfile;
			productReference = 43E3B0E82670E6EB00CE45F3 /* Github Profile.app */;
			productType = "com.apple.product-type.application";
		};
		43E3B0FD2670E6EC00CE45F3 /* GithubProfileTests */ = {
			isa = PBXNativeTarget;
			buildConfigurationList = 43E3B1152670E6EC00CE45F3 /* Build configuration list for PBXNativeTarget "GithubProfileTests" */;
			buildPhases = (
				43E3B0FA2670E6EC00CE45F3 /* Sources */,
				43E3B0FB2670E6EC00CE45F3 /* Frameworks */,
				43E3B0FC2670E6EC00CE45F3 /* Resources */,
			);
			buildRules = (
			);
			dependencies = (
				43E3B1002670E6EC00CE45F3 /* PBXTargetDependency */,
			);
			name = GithubProfileTests;
			productName = GithubProfileTests;
			productReference = 43E3B0FE2670E6EC00CE45F3 /* GithubProfileTests.xctest */;
			productType = "com.apple.product-type.bundle.unit-test";
		};
		43E3B1082670E6EC00CE45F3 /* GithubProfileUITests */ = {
			isa = PBXNativeTarget;
			buildConfigurationList = 43E3B1182670E6EC00CE45F3 /* Build configuration list for PBXNativeTarget "GithubProfileUITests" */;
			buildPhases = (
				43E3B1052670E6EC00CE45F3 /* Sources */,
				43E3B1062670E6EC00CE45F3 /* Frameworks */,
				43E3B1072670E6EC00CE45F3 /* Resources */,
			);
			buildRules = (
			);
			dependencies = (
				43E3B10B2670E6EC00CE45F3 /* PBXTargetDependency */,
			);
			name = GithubProfileUITests;
			productName = GithubProfileUITests;
			productReference = 43E3B1092670E6EC00CE45F3 /* GithubProfileUITests.xctest */;
			productType = "com.apple.product-type.bundle.ui-testing";
		};
/* End PBXNativeTarget section */

/* Begin PBXProject section */
		43E3B0E02670E6EB00CE45F3 /* Project object */ = {
			isa = PBXProject;
			attributes = {
				LastSwiftUpdateCheck = 1250;
				LastUpgradeCheck = 1250;
				TargetAttributes = {
					43E3B0E72670E6EB00CE45F3 = {
						CreatedOnToolsVersion = 12.5;
					};
					43E3B0FD2670E6EC00CE45F3 = {
						CreatedOnToolsVersion = 12.5;
						TestTargetID = 43E3B0E72670E6EB00CE45F3;
					};
					43E3B1082670E6EC00CE45F3 = {
						CreatedOnToolsVersion = 12.5;
						TestTargetID = 43E3B0E72670E6EB00CE45F3;
					};
				};
			};
			buildConfigurationList = 43E3B0E32670E6EB00CE45F3 /* Build configuration list for PBXProject "GithubProfile" */;
			compatibilityVersion = "Xcode 9.3";
			developmentRegion = en;
			hasScannedForEncodings = 0;
			knownRegions = (
				en,
				Base,
			);
			mainGroup = 43E3B0DF2670E6EB00CE45F3;
			productRefGroup = 43E3B0E92670E6EB00CE45F3 /* Products */;
			projectDirPath = "";
			projectRoot = "";
			targets = (
				43E3B0E72670E6EB00CE45F3 /* GithubProfile */,
				43E3B0FD2670E6EC00CE45F3 /* GithubProfileTests */,
				43E3B1082670E6EC00CE45F3 /* GithubProfileUITests */,
			);
		};
/* End PBXProject section */

/* Begin PBXResourcesBuildPhase section */
		43E3B0E62670E6EB00CE45F3 /* Resources */ = {
			isa = PBXResourcesBuildPhase;
			buildActionMask = 2147483647;
			files = (
				43E3B0F82670E6EB00CE45F3 /* LaunchScreen.storyboard in Resources */,
				43E3B0F52670E6EB00CE45F3 /* Assets.xcassets in Resources */,
			);
			runOnlyForDeploymentPostprocessing = 0;
		};
		43E3B0FC2670E6EC00CE45F3 /* Resources */ = {
			isa = PBXResourcesBuildPhase;
			buildActionMask = 2147483647;
			files = (
			);
			runOnlyForDeploymentPostprocessing = 0;
		};
		43E3B1072670E6EC00CE45F3 /* Resources */ = {
			isa = PBXResourcesBuildPhase;
			buildActionMask = 2147483647;
			files = (
			);
			runOnlyForDeploymentPostprocessing = 0;
		};
/* End PBXResourcesBuildPhase section */

/* Begin PBXSourcesBuildPhase section */
		43E3B0E42670E6EB00CE45F3 /* Sources */ = {
			isa = PBXSourcesBuildPhase;
			buildActionMask = 2147483647;
			files = (
				43E3B0EC2670E6EB00CE45F3 /* AppDelegate.swift in Sources */,
				437791232671FD3800D52D06 /* RepoListHeaderView.swift in Sources */,
				43E3B11C2670ED7100CE45F3 /* ProfileViewController.swift in Sources */,
				43E3B1202670FD8300CE45F3 /* TableViewRepositoryCell.swift in Sources */,
				437791212671ECEE00D52D06 /* RepoInfoItemView.swift in Sources */,
				4377912B26722E7C00D52D06 /* MockData.swift in Sources */,
				437791272672253A00D52D06 /* ProfileInfoItemView.swift in Sources */,
				43E3B1242671051400CE45F3 /* HorizontallyScrollableCell.swift in Sources */,
				43E3B11E2670FBAC00CE45F3 /* RepoSummaryView.swift in Sources */,
				43E3B1222670FD9200CE45F3 /* CollectionViewRepositoryCell.swift in Sources */,
				43E3B1262671063A00CE45F3 /* HorizontalScrollLayout.swift in Sources */,
				43E3B0EE2670E6EB00CE45F3 /* SceneDelegate.swift in Sources */,
				4377911E2671DD4300D52D06 /* RoundImageView.swift in Sources */,
				4377912526720BCF00D52D06 /* ProfileInfoHeaderView.swift in Sources */,
			);
			runOnlyForDeploymentPostprocessing = 0;
		};
		43E3B0FA2670E6EC00CE45F3 /* Sources */ = {
			isa = PBXSourcesBuildPhase;
			buildActionMask = 2147483647;
			files = (
				43E3B1032670E6EC00CE45F3 /* GithubProfileTests.swift in Sources */,
			);
			runOnlyForDeploymentPostprocessing = 0;
		};
		43E3B1052670E6EC00CE45F3 /* Sources */ = {
			isa = PBXSourcesBuildPhase;
			buildActionMask = 2147483647;
			files = (
				43E3B10E2670E6EC00CE45F3 /* GithubProfileUITests.swift in Sources */,
			);
			runOnlyForDeploymentPostprocessing = 0;
		};
/* End PBXSourcesBuildPhase section */

/* Begin PBXTargetDependency section */
		43E3B1002670E6EC00CE45F3 /* PBXTargetDependency */ = {
			isa = PBXTargetDependency;
			target = 43E3B0E72670E6EB00CE45F3 /* GithubProfile */;
			targetProxy = 43E3B0FF2670E6EC00CE45F3 /* PBXContainerItemProxy */;
		};
		43E3B10B2670E6EC00CE45F3 /* PBXTargetDependency */ = {
			isa = PBXTargetDependency;
			target = 43E3B0E72670E6EB00CE45F3 /* GithubProfile */;
			targetProxy = 43E3B10A2670E6EC00CE45F3 /* PBXContainerItemProxy */;
		};
/* End PBXTargetDependency section */

/* Begin PBXVariantGroup section */
		43E3B0F62670E6EB00CE45F3 /* LaunchScreen.storyboard */ = {
			isa = PBXVariantGroup;
			children = (
				43E3B0F72670E6EB00CE45F3 /* Base */,
			);
			name = LaunchScreen.storyboard;
			sourceTree = "<group>";
		};
/* End PBXVariantGroup section */

/* Begin XCBuildConfiguration section */
		43E3B1102670E6EC00CE45F3 /* Debug */ = {
			isa = XCBuildConfiguration;
			buildSettings = {
				ALWAYS_SEARCH_USER_PATHS = NO;
				CLANG_ANALYZER_NONNULL = YES;
				CLANG_ANALYZER_NUMBER_OBJECT_CONVERSION = YES_AGGRESSIVE;
				CLANG_CXX_LANGUAGE_STANDARD = "gnu++14";
				CLANG_CXX_LIBRARY = "libc++";
				CLANG_ENABLE_MODULES = YES;
				CLANG_ENABLE_OBJC_ARC = YES;
				CLANG_ENABLE_OBJC_WEAK = YES;
				CLANG_WARN_BLOCK_CAPTURE_AUTORELEASING = YES;
				CLANG_WARN_BOOL_CONVERSION = YES;
				CLANG_WARN_COMMA = YES;
				CLANG_WARN_CONSTANT_CONVERSION = YES;
				CLANG_WARN_DEPRECATED_OBJC_IMPLEMENTATIONS = YES;
				CLANG_WARN_DIRECT_OBJC_ISA_USAGE = YES_ERROR;
				CLANG_WARN_DOCUMENTATION_COMMENTS = YES;
				CLANG_WARN_EMPTY_BODY = YES;
				CLANG_WARN_ENUM_CONVERSION = YES;
				CLANG_WARN_INFINITE_RECURSION = YES;
				CLANG_WARN_INT_CONVERSION = YES;
				CLANG_WARN_NON_LITERAL_NULL_CONVERSION = YES;
				CLANG_WARN_OBJC_IMPLICIT_RETAIN_SELF = YES;
				CLANG_WARN_OBJC_LITERAL_CONVERSION = YES;
				CLANG_WARN_OBJC_ROOT_CLASS = YES_ERROR;
				CLANG_WARN_QUOTED_INCLUDE_IN_FRAMEWORK_HEADER = YES;
				CLANG_WARN_RANGE_LOOP_ANALYSIS = YES;
				CLANG_WARN_STRICT_PROTOTYPES = YES;
				CLANG_WARN_SUSPICIOUS_MOVE = YES;
				CLANG_WARN_UNGUARDED_AVAILABILITY = YES_AGGRESSIVE;
				CLANG_WARN_UNREACHABLE_CODE = YES;
				CLANG_WARN__DUPLICATE_METHOD_MATCH = YES;
				COPY_PHASE_STRIP = NO;
				DEBUG_INFORMATION_FORMAT = dwarf;
				ENABLE_STRICT_OBJC_MSGSEND = YES;
				ENABLE_TESTABILITY = YES;
				GCC_C_LANGUAGE_STANDARD = gnu11;
				GCC_DYNAMIC_NO_PIC = NO;
				GCC_NO_COMMON_BLOCKS = YES;
				GCC_OPTIMIZATION_LEVEL = 0;
				GCC_PREPROCESSOR_DEFINITIONS = (
					"DEBUG=1",
					"$(inherited)",
				);
				GCC_WARN_64_TO_32_BIT_CONVERSION = YES;
				GCC_WARN_ABOUT_RETURN_TYPE = YES_ERROR;
				GCC_WARN_UNDECLARED_SELECTOR = YES;
				GCC_WARN_UNINITIALIZED_AUTOS = YES_AGGRESSIVE;
				GCC_WARN_UNUSED_FUNCTION = YES;
				GCC_WARN_UNUSED_VARIABLE = YES;
				IPHONEOS_DEPLOYMENT_TARGET = 14.5;
				MTL_ENABLE_DEBUG_INFO = INCLUDE_SOURCE;
				MTL_FAST_MATH = YES;
				ONLY_ACTIVE_ARCH = YES;
				SDKROOT = iphoneos;
				SWIFT_ACTIVE_COMPILATION_CONDITIONS = DEBUG;
				SWIFT_OPTIMIZATION_LEVEL = "-Onone";
			};
			name = Debug;
		};
		43E3B1112670E6EC00CE45F3 /* Release */ = {
			isa = XCBuildConfiguration;
			buildSettings = {
				ALWAYS_SEARCH_USER_PATHS = NO;
				CLANG_ANALYZER_NONNULL = YES;
				CLANG_ANALYZER_NUMBER_OBJECT_CONVERSION = YES_AGGRESSIVE;
				CLANG_CXX_LANGUAGE_STANDARD = "gnu++14";
				CLANG_CXX_LIBRARY = "libc++";
				CLANG_ENABLE_MODULES = YES;
				CLANG_ENABLE_OBJC_ARC = YES;
				CLANG_ENABLE_OBJC_WEAK = YES;
				CLANG_WARN_BLOCK_CAPTURE_AUTORELEASING = YES;
				CLANG_WARN_BOOL_CONVERSION = YES;
				CLANG_WARN_COMMA = YES;
				CLANG_WARN_CONSTANT_CONVERSION = YES;
				CLANG_WARN_DEPRECATED_OBJC_IMPLEMENTATIONS = YES;
				CLANG_WARN_DIRECT_OBJC_ISA_USAGE = YES_ERROR;
				CLANG_WARN_DOCUMENTATION_COMMENTS = YES;
				CLANG_WARN_EMPTY_BODY = YES;
				CLANG_WARN_ENUM_CONVERSION = YES;
				CLANG_WARN_INFINITE_RECURSION = YES;
				CLANG_WARN_INT_CONVERSION = YES;
				CLANG_WARN_NON_LITERAL_NULL_CONVERSION = YES;
				CLANG_WARN_OBJC_IMPLICIT_RETAIN_SELF = YES;
				CLANG_WARN_OBJC_LITERAL_CONVERSION = YES;
				CLANG_WARN_OBJC_ROOT_CLASS = YES_ERROR;
				CLANG_WARN_QUOTED_INCLUDE_IN_FRAMEWORK_HEADER = YES;
				CLANG_WARN_RANGE_LOOP_ANALYSIS = YES;
				CLANG_WARN_STRICT_PROTOTYPES = YES;
				CLANG_WARN_SUSPICIOUS_MOVE = YES;
				CLANG_WARN_UNGUARDED_AVAILABILITY = YES_AGGRESSIVE;
				CLANG_WARN_UNREACHABLE_CODE = YES;
				CLANG_WARN__DUPLICATE_METHOD_MATCH = YES;
				COPY_PHASE_STRIP = NO;
				DEBUG_INFORMATION_FORMAT = "dwarf-with-dsym";
				ENABLE_NS_ASSERTIONS = NO;
				ENABLE_STRICT_OBJC_MSGSEND = YES;
				GCC_C_LANGUAGE_STANDARD = gnu11;
				GCC_NO_COMMON_BLOCKS = YES;
				GCC_WARN_64_TO_32_BIT_CONVERSION = YES;
				GCC_WARN_ABOUT_RETURN_TYPE = YES_ERROR;
				GCC_WARN_UNDECLARED_SELECTOR = YES;
				GCC_WARN_UNINITIALIZED_AUTOS = YES_AGGRESSIVE;
				GCC_WARN_UNUSED_FUNCTION = YES;
				GCC_WARN_UNUSED_VARIABLE = YES;
				IPHONEOS_DEPLOYMENT_TARGET = 14.5;
				MTL_ENABLE_DEBUG_INFO = NO;
				MTL_FAST_MATH = YES;
				SDKROOT = iphoneos;
				SWIFT_COMPILATION_MODE = wholemodule;
				SWIFT_OPTIMIZATION_LEVEL = "-O";
				VALIDATE_PRODUCT = YES;
			};
			name = Release;
		};
		43E3B1132670E6EC00CE45F3 /* Debug */ = {
			isa = XCBuildConfiguration;
			buildSettings = {
				ASSETCATALOG_COMPILER_APPICON_NAME = AppIcon;
				ASSETCATALOG_COMPILER_GLOBAL_ACCENT_COLOR_NAME = AccentColor;
				CODE_SIGN_STYLE = Automatic;
				DEVELOPMENT_TEAM = 95GU92RU65;
				INFOPLIST_FILE = GithubProfile/Info.plist;
				IPHONEOS_DEPLOYMENT_TARGET = 13.0;
				LD_RUNPATH_SEARCH_PATHS = (
					"$(inherited)",
					"@executable_path/Frameworks",
				);
				PRODUCT_BUNDLE_IDENTIFIER = com.isuru.GithubProfile;
				PRODUCT_NAME = "Github Profile";
				SWIFT_VERSION = 5.0;
				TARGETED_DEVICE_FAMILY = 1;
			};
			name = Debug;
		};
		43E3B1142670E6EC00CE45F3 /* Release */ = {
			isa = XCBuildConfiguration;
			buildSettings = {
				ASSETCATALOG_COMPILER_APPICON_NAME = AppIcon;
				ASSETCATALOG_COMPILER_GLOBAL_ACCENT_COLOR_NAME = AccentColor;
				CODE_SIGN_STYLE = Automatic;
				DEVELOPMENT_TEAM = 95GU92RU65;
				INFOPLIST_FILE = GithubProfile/Info.plist;
				IPHONEOS_DEPLOYMENT_TARGET = 13.0;
				LD_RUNPATH_SEARCH_PATHS = (
					"$(inherited)",
					"@executable_path/Frameworks",
				);
				PRODUCT_BUNDLE_IDENTIFIER = com.isuru.GithubProfile;
				PRODUCT_NAME = "Github Profile";
				SWIFT_VERSION = 5.0;
				TARGETED_DEVICE_FAMILY = 1;
			};
			name = Release;
		};
		43E3B1162670E6EC00CE45F3 /* Debug */ = {
			isa = XCBuildConfiguration;
			buildSettings = {
				ALWAYS_EMBED_SWIFT_STANDARD_LIBRARIES = YES;
				BUNDLE_LOADER = "$(TEST_HOST)";
				CODE_SIGN_STYLE = Automatic;
				DEVELOPMENT_TEAM = 95GU92RU65;
				INFOPLIST_FILE = GithubProfileTests/Info.plist;
				IPHONEOS_DEPLOYMENT_TARGET = 14.5;
				LD_RUNPATH_SEARCH_PATHS = (
					"$(inherited)",
					"@executable_path/Frameworks",
					"@loader_path/Frameworks",
				);
				PRODUCT_BUNDLE_IDENTIFIER = com.isuru.GithubProfileTests;
				PRODUCT_NAME = "$(TARGET_NAME)";
				SWIFT_VERSION = 5.0;
				TARGETED_DEVICE_FAMILY = "1,2";
				TEST_HOST = "$(BUILT_PRODUCTS_DIR)/GithubProfile.app/GithubProfile";
			};
			name = Debug;
		};
		43E3B1172670E6EC00CE45F3 /* Release */ = {
			isa = XCBuildConfiguration;
			buildSettings = {
				ALWAYS_EMBED_SWIFT_STANDARD_LIBRARIES = YES;
				BUNDLE_LOADER = "$(TEST_HOST)";
				CODE_SIGN_STYLE = Automatic;
				DEVELOPMENT_TEAM = 95GU92RU65;
				INFOPLIST_FILE = GithubProfileTests/Info.plist;
				IPHONEOS_DEPLOYMENT_TARGET = 14.5;
				LD_RUNPATH_SEARCH_PATHS = (
					"$(inherited)",
					"@executable_path/Frameworks",
					"@loader_path/Frameworks",
				);
				PRODUCT_BUNDLE_IDENTIFIER = com.isuru.GithubProfileTests;
				PRODUCT_NAME = "$(TARGET_NAME)";
				SWIFT_VERSION = 5.0;
				TARGETED_DEVICE_FAMILY = "1,2";
				TEST_HOST = "$(BUILT_PRODUCTS_DIR)/GithubProfile.app/GithubProfile";
			};
			name = Release;
		};
		43E3B1192670E6EC00CE45F3 /* Debug */ = {
			isa = XCBuildConfiguration;
			buildSettings = {
				ALWAYS_EMBED_SWIFT_STANDARD_LIBRARIES = YES;
				CODE_SIGN_STYLE = Automatic;
				DEVELOPMENT_TEAM = 95GU92RU65;
				INFOPLIST_FILE = GithubProfileUITests/Info.plist;
				LD_RUNPATH_SEARCH_PATHS = (
					"$(inherited)",
					"@executable_path/Frameworks",
					"@loader_path/Frameworks",
				);
				PRODUCT_BUNDLE_IDENTIFIER = com.isuru.GithubProfileUITests;
				PRODUCT_NAME = "$(TARGET_NAME)";
				SWIFT_VERSION = 5.0;
				TARGETED_DEVICE_FAMILY = "1,2";
				TEST_TARGET_NAME = GithubProfile;
			};
			name = Debug;
		};
		43E3B11A2670E6EC00CE45F3 /* Release */ = {
			isa = XCBuildConfiguration;
			buildSettings = {
				ALWAYS_EMBED_SWIFT_STANDARD_LIBRARIES = YES;
				CODE_SIGN_STYLE = Automatic;
				DEVELOPMENT_TEAM = 95GU92RU65;
				INFOPLIST_FILE = GithubProfileUITests/Info.plist;
				LD_RUNPATH_SEARCH_PATHS = (
					"$(inherited)",
					"@executable_path/Frameworks",
					"@loader_path/Frameworks",
				);
				PRODUCT_BUNDLE_IDENTIFIER = com.isuru.GithubProfileUITests;
				PRODUCT_NAME = "$(TARGET_NAME)";
				SWIFT_VERSION = 5.0;
				TARGETED_DEVICE_FAMILY = "1,2";
				TEST_TARGET_NAME = GithubProfile;
			};
			name = Release;
		};
/* End XCBuildConfiguration section */

/* Begin XCConfigurationList section */
		43E3B0E32670E6EB00CE45F3 /* Build configuration list for PBXProject "GithubProfile" */ = {
			isa = XCConfigurationList;
			buildConfigurations = (
				43E3B1102670E6EC00CE45F3 /* Debug */,
				43E3B1112670E6EC00CE45F3 /* Release */,
			);
			defaultConfigurationIsVisible = 0;
			defaultConfigurationName = Release;
		};
		43E3B1122670E6EC00CE45F3 /* Build configuration list for PBXNativeTarget "GithubProfile" */ = {
			isa = XCConfigurationList;
			buildConfigurations = (
				43E3B1132670E6EC00CE45F3 /* Debug */,
				43E3B1142670E6EC00CE45F3 /* Release */,
			);
			defaultConfigurationIsVisible = 0;
			defaultConfigurationName = Release;
		};
		43E3B1152670E6EC00CE45F3 /* Build configuration list for PBXNativeTarget "GithubProfileTests" */ = {
			isa = XCConfigurationList;
			buildConfigurations = (
				43E3B1162670E6EC00CE45F3 /* Debug */,
				43E3B1172670E6EC00CE45F3 /* Release */,
			);
			defaultConfigurationIsVisible = 0;
			defaultConfigurationName = Release;
		};
		43E3B1182670E6EC00CE45F3 /* Build configuration list for PBXNativeTarget "GithubProfileUITests" */ = {
			isa = XCConfigurationList;
			buildConfigurations = (
				43E3B1192670E6EC00CE45F3 /* Debug */,
				43E3B11A2670E6EC00CE45F3 /* Release */,
			);
			defaultConfigurationIsVisible = 0;
			defaultConfigurationName = Release;
		};
/* End XCConfigurationList section */
	};
	rootObject = 43E3B0E02670E6EB00CE45F3 /* Project object */;
}
